
Microsoft Visual Studio Solution File, Format Version 12.00
# Visual Studio 15
VisualStudioVersion = 15.0.28307.271
MinimumVisualStudioVersion = 10.0.40219.1
Project("{FAE04EC0-301F-11D3-BF4B-00C04F79EFBC}") = "StinterLogger", "StinterLogger\StinterLogger.csproj", "{FEB6FB50-E305-4FEE-8AEC-E7564B2472EC}"
EndProject
Project("{FAE04EC0-301F-11D3-BF4B-00C04F79EFBC}") = "RaceLogging", "RaceLogging\RaceLogging.csproj", "{97790592-87EA-40DF-8F70-983AA4CB309C}"
EndProject
Global
	GlobalSection(SolutionConfigurationPlatforms) = preSolution
		Debug|Any CPU = Debug|Any CPU
		Release|Any CPU = Release|Any CPU
	EndGlobalSection
	GlobalSection(ProjectConfigurationPlatforms) = postSolution
		{FEB6FB50-E305-4FEE-8AEC-E7564B2472EC}.Debug|Any CPU.ActiveCfg = Debug|Any CPU
		{FEB6FB50-E305-4FEE-8AEC-E7564B2472EC}.Debug|Any CPU.Build.0 = Debug|Any CPU
		{FEB6FB50-E305-4FEE-8AEC-E7564B2472EC}.Release|Any CPU.ActiveCfg = Release|Any CPU
		{FEB6FB50-E305-4FEE-8AEC-E7564B2472EC}.Release|Any CPU.Build.0 = Release|Any CPU
		{97790592-87EA-40DF-8F70-983AA4CB309C}.Debug|Any CPU.ActiveCfg = Debug|Any CPU
		{97790592-87EA-40DF-8F70-983AA4CB309C}.Debug|Any CPU.Build.0 = Debug|Any CPU
		{97790592-87EA-40DF-8F70-983AA4CB309C}.Release|Any CPU.ActiveCfg = Release|Any CPU
		{97790592-87EA-40DF-8F70-983AA4CB309C}.Release|Any CPU.Build.0 = Release|Any CPU
	EndGlobalSection
	GlobalSection(SolutionProperties) = preSolution
		HideSolutionNode = FALSE
	EndGlobalSection
	GlobalSection(ExtensibilityGlobals) = postSolution
		SolutionGuid = {84CE36AE-22E9-4F17-9BBA-B7681C748919}
	EndGlobalSection
EndGlobal
